
Microsoft Visual Studio Solution File, Format Version 12.00
# Visual Studio 15
Project("{FAE04EC0-301F-11D3-BF4B-00C04F79EFBC}") = "Assembly-CSharp", "Assembly-CSharp.csproj", "{0FE4C01A-82DC-A37B-51BC-F701748346FC}"
EndProject
Global
	GlobalSection(SolutionConfigurationPlatforms) = preSolution
		Debug|Any CPU = Debug|Any CPU
		Release|Any CPU = Release|Any CPU
	EndGlobalSection
	GlobalSection(ProjectConfigurationPlatforms) = postSolution
		{0FE4C01A-82DC-A37B-51BC-F701748346FC}.Debug|Any CPU.ActiveCfg = Debug|Any CPU
		{0FE4C01A-82DC-A37B-51BC-F701748346FC}.Debug|Any CPU.Build.0 = Debug|Any CPU
		{0FE4C01A-82DC-A37B-51BC-F701748346FC}.Release|Any CPU.ActiveCfg = Release|Any CPU
		{0FE4C01A-82DC-A37B-51BC-F701748346FC}.Release|Any CPU.Build.0 = Release|Any CPU
	EndGlobalSection
	GlobalSection(SolutionProperties) = preSolution
		HideSolutionNode = FALSE
	EndGlobalSection
EndGlobal
